// !$*UTF8*$!
{
	archiveVersion = 1;
	classes = {
	};
	objectVersion = 77;
	objects = {

/* Begin PBXBuildFile section */
		A8BA84582DC9271900D3B126 /* AppDelegate.swift in Sources */ = {isa = PBXBuildFile; fileRef = A8BA844C2DC9271900D3B126 /* AppDelegate.swift */; };
		A8BA84592DC9271900D3B126 /* SceneDelegate.swift in Sources */ = {isa = PBXBuildFile; fileRef = A8BA84532DC9271900D3B126 /* SceneDelegate.swift */; };
		A8BA845A2DC9271900D3B126 /* TaskList.xcdatamodeld in Sources */ = {isa = PBXBuildFile; fileRef = A8BA84542DC9271900D3B126 /* TaskList.xcdatamodeld */; };
		A8BA845B2DC9271900D3B126 /* TasksViewController.swift in Sources */ = {isa = PBXBuildFile; fileRef = A8BA84552DC9271900D3B126 /* TasksViewController.swift */; };
		A8BA845C2DC9271900D3B126 /* Assets.xcassets in Resources */ = {isa = PBXBuildFile; fileRef = A8BA844D2DC9271900D3B126 /* Assets.xcassets */; };
		A8BA845E2DC9271900D3B126 /* LaunchScreen.storyboard in Resources */ = {isa = PBXBuildFile; fileRef = A8BA84502DC9271900D3B126 /* LaunchScreen.storyboard */; };
		A8BA84662DC92E8F00D3B126 /* TaskEditorViewController.swift in Sources */ = {isa = PBXBuildFile; fileRef = A8BA84652DC92E8F00D3B126 /* TaskEditorViewController.swift */; };
		A8BA84692DC93A3F00D3B126 /* FilledButton.swift in Sources */ = {isa = PBXBuildFile; fileRef = A8BA84682DC93A3F00D3B126 /* FilledButton.swift */; };
		A8BA846C2DC93BDC00D3B126 /* Extension + UIViewContoller.swift in Sources */ = {isa = PBXBuildFile; fileRef = A8BA846B2DC93BDC00D3B126 /* Extension + UIViewContoller.swift */; };
		A8BA846F2DC93DBA00D3B126 /* Metrics.swift in Sources */ = {isa = PBXBuildFile; fileRef = A8BA846E2DC93DBA00D3B126 /* Metrics.swift */; };
/* End PBXBuildFile section */

/* Begin PBXFileReference section */
		A8BA84312DC9270000D3B126 /* TaskList.app */ = {isa = PBXFileReference; explicitFileType = wrapper.application; includeInIndex = 0; path = TaskList.app; sourceTree = BUILT_PRODUCTS_DIR; };
		A8BA844C2DC9271900D3B126 /* AppDelegate.swift */ = {isa = PBXFileReference; lastKnownFileType = sourcecode.swift; path = AppDelegate.swift; sourceTree = "<group>"; };
		A8BA844D2DC9271900D3B126 /* Assets.xcassets */ = {isa = PBXFileReference; lastKnownFileType = folder.assetcatalog; path = Assets.xcassets; sourceTree = "<group>"; };
		A8BA844E2DC9271900D3B126 /* Info.plist */ = {isa = PBXFileReference; lastKnownFileType = text.plist.xml; path = Info.plist; sourceTree = "<group>"; };
		A8BA844F2DC9271900D3B126 /* Base */ = {isa = PBXFileReference; lastKnownFileType = file.storyboard; name = Base; path = Base.lproj/LaunchScreen.storyboard; sourceTree = "<group>"; };
		A8BA84532DC9271900D3B126 /* SceneDelegate.swift */ = {isa = PBXFileReference; lastKnownFileType = sourcecode.swift; path = SceneDelegate.swift; sourceTree = "<group>"; };
		A8BA84552DC9271900D3B126 /* TasksViewController.swift */ = {isa = PBXFileReference; lastKnownFileType = sourcecode.swift; path = TasksViewController.swift; sourceTree = "<group>"; };
		A8BA84572DC9271900D3B126 /* TaskList.xcdatamodel */ = {isa = PBXFileReference; lastKnownFileType = wrapper.xcdatamodel; path = TaskList.xcdatamodel; sourceTree = "<group>"; };
		A8BA84652DC92E8F00D3B126 /* TaskEditorViewController.swift */ = {isa = PBXFileReference; lastKnownFileType = sourcecode.swift; path = TaskEditorViewController.swift; sourceTree = "<group>"; };
		A8BA84682DC93A3F00D3B126 /* FilledButton.swift */ = {isa = PBXFileReference; lastKnownFileType = sourcecode.swift; path = FilledButton.swift; sourceTree = "<group>"; };
		A8BA846B2DC93BDC00D3B126 /* Extension + UIViewContoller.swift */ = {isa = PBXFileReference; lastKnownFileType = sourcecode.swift; path = "Extension + UIViewContoller.swift"; sourceTree = "<group>"; };
		A8BA846E2DC93DBA00D3B126 /* Metrics.swift */ = {isa = PBXFileReference; lastKnownFileType = sourcecode.swift; path = Metrics.swift; sourceTree = "<group>"; };
/* End PBXFileReference section */

/* Begin PBXFrameworksBuildPhase section */
		A8BA842E2DC9270000D3B126 /* Frameworks */ = {
			isa = PBXFrameworksBuildPhase;
			buildActionMask = 2147483647;
			files = (
			);
			runOnlyForDeploymentPostprocessing = 0;
		};
/* End PBXFrameworksBuildPhase section */

/* Begin PBXGroup section */
		A8BA84282DC9270000D3B126 = {
			isa = PBXGroup;
			children = (
				A8BA84562DC9271900D3B126 /* TaskList */,
				A8BA84322DC9270000D3B126 /* Products */,
			);
			sourceTree = "<group>";
		};
		A8BA84322DC9270000D3B126 /* Products */ = {
			isa = PBXGroup;
			children = (
				A8BA84312DC9270000D3B126 /* TaskList.app */,
			);
			name = Products;
			sourceTree = "<group>";
		};
		A8BA84562DC9271900D3B126 /* TaskList */ = {
			isa = PBXGroup;
			children = (
				A8BA84622DC927F200D3B126 /* ViewControllers */,
				A8BA84672DC93A2700D3B126 /* Factories */,
				A8BA846A2DC93BAB00D3B126 /* Extensions */,
				A8BA84632DC9281000D3B126 /* Models */,
				A8BA84642DC9282400D3B126 /* Resources */,
				A8BA84602DC927B700D3B126 /* App */,
				A8BA84612DC927E300D3B126 /* Storyboards */,
			);
			path = TaskList;
			sourceTree = "<group>";
		};
		A8BA84602DC927B700D3B126 /* App */ = {
			isa = PBXGroup;
			children = (
				A8BA844C2DC9271900D3B126 /* AppDelegate.swift */,
				A8BA844E2DC9271900D3B126 /* Info.plist */,
				A8BA84532DC9271900D3B126 /* SceneDelegate.swift */,
			);
			path = App;
			sourceTree = "<group>";
		};
		A8BA84612DC927E300D3B126 /* Storyboards */ = {
			isa = PBXGroup;
			children = (
				A8BA84502DC9271900D3B126 /* LaunchScreen.storyboard */,
			);
			path = Storyboards;
			sourceTree = "<group>";
		};
		A8BA84622DC927F200D3B126 /* ViewControllers */ = {
			isa = PBXGroup;
			children = (
				A8BA84552DC9271900D3B126 /* TasksViewController.swift */,
				A8BA84652DC92E8F00D3B126 /* TaskEditorViewController.swift */,
			);
			path = ViewControllers;
			sourceTree = "<group>";
		};
		A8BA84632DC9281000D3B126 /* Models */ = {
			isa = PBXGroup;
			children = (
				A8BA84542DC9271900D3B126 /* TaskList.xcdatamodeld */,
			);
			path = Models;
			sourceTree = "<group>";
		};
		A8BA84642DC9282400D3B126 /* Resources */ = {
			isa = PBXGroup;
			children = (
				A8BA846D2DC93DA900D3B126 /* Constants */,
				A8BA844D2DC9271900D3B126 /* Assets.xcassets */,
			);
			path = Resources;
			sourceTree = "<group>";
		};
		A8BA84672DC93A2700D3B126 /* Factories */ = {
			isa = PBXGroup;
			children = (
				A8BA84682DC93A3F00D3B126 /* FilledButton.swift */,
			);
			path = Factories;
			sourceTree = "<group>";
		};
		A8BA846A2DC93BAB00D3B126 /* Extensions */ = {
			isa = PBXGroup;
			children = (
				A8BA846B2DC93BDC00D3B126 /* Extension + UIViewContoller.swift */,
			);
			path = Extensions;
			sourceTree = "<group>";
		};
		A8BA846D2DC93DA900D3B126 /* Constants */ = {
			isa = PBXGroup;
			children = (
				A8BA846E2DC93DBA00D3B126 /* Metrics.swift */,
			);
			path = Constants;
			sourceTree = "<group>";
		};
/* End PBXGroup section */

/* Begin PBXNativeTarget section */
		A8BA84302DC9270000D3B126 /* TaskList */ = {
			isa = PBXNativeTarget;
			buildConfigurationList = A8BA84472DC9270200D3B126 /* Build configuration list for PBXNativeTarget "TaskList" */;
			buildPhases = (
				A8BA842D2DC9270000D3B126 /* Sources */,
				A8BA842E2DC9270000D3B126 /* Frameworks */,
				A8BA842F2DC9270000D3B126 /* Resources */,
			);
			buildRules = (
			);
			dependencies = (
			);
			name = TaskList;
			packageProductDependencies = (
			);
			productName = TaskList;
			productReference = A8BA84312DC9270000D3B126 /* TaskList.app */;
			productType = "com.apple.product-type.application";
		};
/* End PBXNativeTarget section */

/* Begin PBXProject section */
		A8BA84292DC9270000D3B126 /* Project object */ = {
			isa = PBXProject;
			attributes = {
				BuildIndependentTargetsInParallel = 1;
				LastSwiftUpdateCheck = 1620;
				LastUpgradeCheck = 1620;
				TargetAttributes = {
					A8BA84302DC9270000D3B126 = {
						CreatedOnToolsVersion = 16.2;
					};
				};
			};
			buildConfigurationList = A8BA842C2DC9270000D3B126 /* Build configuration list for PBXProject "TaskList" */;
			developmentRegion = en;
			hasScannedForEncodings = 0;
			knownRegions = (
				en,
				Base,
			);
			mainGroup = A8BA84282DC9270000D3B126;
			minimizedProjectReferenceProxies = 1;
			preferredProjectObjectVersion = 77;
			productRefGroup = A8BA84322DC9270000D3B126 /* Products */;
			projectDirPath = "";
			projectRoot = "";
			targets = (
				A8BA84302DC9270000D3B126 /* TaskList */,
			);
		};
/* End PBXProject section */

/* Begin PBXResourcesBuildPhase section */
		A8BA842F2DC9270000D3B126 /* Resources */ = {
			isa = PBXResourcesBuildPhase;
			buildActionMask = 2147483647;
			files = (
				A8BA845C2DC9271900D3B126 /* Assets.xcassets in Resources */,
				A8BA845E2DC9271900D3B126 /* LaunchScreen.storyboard in Resources */,
			);
			runOnlyForDeploymentPostprocessing = 0;
		};
/* End PBXResourcesBuildPhase section */

/* Begin PBXSourcesBuildPhase section */
		A8BA842D2DC9270000D3B126 /* Sources */ = {
			isa = PBXSourcesBuildPhase;
			buildActionMask = 2147483647;
			files = (
				A8BA84582DC9271900D3B126 /* AppDelegate.swift in Sources */,
				A8BA84592DC9271900D3B126 /* SceneDelegate.swift in Sources */,
				A8BA846C2DC93BDC00D3B126 /* Extension + UIViewContoller.swift in Sources */,
				A8BA845A2DC9271900D3B126 /* TaskList.xcdatamodeld in Sources */,
				A8BA845B2DC9271900D3B126 /* TasksViewController.swift in Sources */,
				A8BA84662DC92E8F00D3B126 /* TaskEditorViewController.swift in Sources */,
				A8BA84692DC93A3F00D3B126 /* FilledButton.swift in Sources */,
				A8BA846F2DC93DBA00D3B126 /* Metrics.swift in Sources */,
			);
			runOnlyForDeploymentPostprocessing = 0;
		};
/* End PBXSourcesBuildPhase section */

/* Begin PBXVariantGroup section */
		A8BA84502DC9271900D3B126 /* LaunchScreen.storyboard */ = {
			isa = PBXVariantGroup;
			children = (
				A8BA844F2DC9271900D3B126 /* Base */,
			);
			name = LaunchScreen.storyboard;
			sourceTree = "<group>";
		};
/* End PBXVariantGroup section */

/* Begin XCBuildConfiguration section */
		A8BA84482DC9270200D3B126 /* Debug */ = {
			isa = XCBuildConfiguration;
			buildSettings = {
				ASSETCATALOG_COMPILER_APPICON_NAME = AppIcon;
				ASSETCATALOG_COMPILER_GLOBAL_ACCENT_COLOR_NAME = AccentColor;
				CODE_SIGN_STYLE = Automatic;
				CURRENT_PROJECT_VERSION = 1;
				DEVELOPMENT_TEAM = GBTTU32HS2;
				GENERATE_INFOPLIST_FILE = YES;
				INFOPLIST_FILE = TaskList/App/Info.plist;
				INFOPLIST_KEY_UIApplicationSupportsIndirectInputEvents = YES;
				INFOPLIST_KEY_UILaunchStoryboardName = LaunchScreen;
				INFOPLIST_KEY_UIStatusBarStyle = UIStatusBarStyleLightContent;
				INFOPLIST_KEY_UISupportedInterfaceOrientations = UIInterfaceOrientationPortrait;
				INFOPLIST_KEY_UISupportedInterfaceOrientations_iPad = "UIInterfaceOrientationLandscapeLeft UIInterfaceOrientationLandscapeRight UIInterfaceOrientationPortrait UIInterfaceOrientationPortraitUpsideDown";
				LD_RUNPATH_SEARCH_PATHS = (
					"$(inherited)",
					"@executable_path/Frameworks",
				);
				MARKETING_VERSION = 1.0;
				PRODUCT_BUNDLE_IDENTIFIER = org.swiftbook.TaskList;
				PRODUCT_NAME = "$(TARGET_NAME)";
				SUPPORTED_PLATFORMS = "iphoneos iphonesimulator";
				SUPPORTS_MACCATALYST = NO;
				SUPPORTS_MAC_DESIGNED_FOR_IPHONE_IPAD = NO;
				SUPPORTS_XR_DESIGNED_FOR_IPHONE_IPAD = NO;
				SWIFT_EMIT_LOC_STRINGS = YES;
				SWIFT_VERSION = 5.0;
				TARGETED_DEVICE_FAMILY = 1;
			};
			name = Debug;
		};
		A8BA84492DC9270200D3B126 /* Release */ = {
			isa = XCBuildConfiguration;
			buildSettings = {
				ASSETCATALOG_COMPILER_APPICON_NAME = AppIcon;
				ASSETCATALOG_COMPILER_GLOBAL_ACCENT_COLOR_NAME = AccentColor;
				CODE_SIGN_STYLE = Automatic;
				CURRENT_PROJECT_VERSION = 1;
				DEVELOPMENT_TEAM = GBTTU32HS2;
				GENERATE_INFOPLIST_FILE = YES;
				INFOPLIST_FILE = TaskList/App/Info.plist;
				INFOPLIST_KEY_UIApplicationSupportsIndirectInputEvents = YES;
				INFOPLIST_KEY_UILaunchStoryboardName = LaunchScreen;
				INFOPLIST_KEY_UIStatusBarStyle = UIStatusBarStyleLightContent;
				INFOPLIST_KEY_UISupportedInterfaceOrientations = UIInterfaceOrientationPortrait;
				INFOPLIST_KEY_UISupportedInterfaceOrientations_iPad = "UIInterfaceOrientationLandscapeLeft UIInterfaceOrientationLandscapeRight UIInterfaceOrientationPortrait UIInterfaceOrientationPortraitUpsideDown";
				LD_RUNPATH_SEARCH_PATHS = (
					"$(inherited)",
					"@executable_path/Frameworks",
				);
				MARKETING_VERSION = 1.0;
				PRODUCT_BUNDLE_IDENTIFIER = org.swiftbook.TaskList;
				PRODUCT_NAME = "$(TARGET_NAME)";
				SUPPORTED_PLATFORMS = "iphoneos iphonesimulator";
				SUPPORTS_MACCATALYST = NO;
				SUPPORTS_MAC_DESIGNED_FOR_IPHONE_IPAD = NO;
				SUPPORTS_XR_DESIGNED_FOR_IPHONE_IPAD = NO;
				SWIFT_EMIT_LOC_STRINGS = YES;
				SWIFT_VERSION = 5.0;
				TARGETED_DEVICE_FAMILY = 1;
			};
			name = Release;
		};
		A8BA844A2DC9270200D3B126 /* Debug */ = {
			isa = XCBuildConfiguration;
			buildSettings = {
				ALWAYS_SEARCH_USER_PATHS = NO;
				ASSETCATALOG_COMPILER_GENERATE_SWIFT_ASSET_SYMBOL_EXTENSIONS = YES;
				CLANG_ANALYZER_NONNULL = YES;
				CLANG_ANALYZER_NUMBER_OBJECT_CONVERSION = YES_AGGRESSIVE;
				CLANG_CXX_LANGUAGE_STANDARD = "gnu++20";
				CLANG_ENABLE_MODULES = YES;
				CLANG_ENABLE_OBJC_ARC = YES;
				CLANG_ENABLE_OBJC_WEAK = YES;
				CLANG_WARN_BLOCK_CAPTURE_AUTORELEASING = YES;
				CLANG_WARN_BOOL_CONVERSION = YES;
				CLANG_WARN_COMMA = YES;
				CLANG_WARN_CONSTANT_CONVERSION = YES;
				CLANG_WARN_DEPRECATED_OBJC_IMPLEMENTATIONS = YES;
				CLANG_WARN_DIRECT_OBJC_ISA_USAGE = YES_ERROR;
				CLANG_WARN_DOCUMENTATION_COMMENTS = YES;
				CLANG_WARN_EMPTY_BODY = YES;
				CLANG_WARN_ENUM_CONVERSION = YES;
				CLANG_WARN_INFINITE_RECURSION = YES;
				CLANG_WARN_INT_CONVERSION = YES;
				CLANG_WARN_NON_LITERAL_NULL_CONVERSION = YES;
				CLANG_WARN_OBJC_IMPLICIT_RETAIN_SELF = YES;
				CLANG_WARN_OBJC_LITERAL_CONVERSION = YES;
				CLANG_WARN_OBJC_ROOT_CLASS = YES_ERROR;
				CLANG_WARN_QUOTED_INCLUDE_IN_FRAMEWORK_HEADER = YES;
				CLANG_WARN_RANGE_LOOP_ANALYSIS = YES;
				CLANG_WARN_STRICT_PROTOTYPES = YES;
				CLANG_WARN_SUSPICIOUS_MOVE = YES;
				CLANG_WARN_UNGUARDED_AVAILABILITY = YES_AGGRESSIVE;
				CLANG_WARN_UNREACHABLE_CODE = YES;
				CLANG_WARN__DUPLICATE_METHOD_MATCH = YES;
				COPY_PHASE_STRIP = NO;
				DEBUG_INFORMATION_FORMAT = dwarf;
				ENABLE_STRICT_OBJC_MSGSEND = YES;
				ENABLE_TESTABILITY = YES;
				ENABLE_USER_SCRIPT_SANDBOXING = YES;
				GCC_C_LANGUAGE_STANDARD = gnu17;
				GCC_DYNAMIC_NO_PIC = NO;
				GCC_NO_COMMON_BLOCKS = YES;
				GCC_OPTIMIZATION_LEVEL = 0;
				GCC_PREPROCESSOR_DEFINITIONS = (
					"DEBUG=1",
					"$(inherited)",
				);
				GCC_WARN_64_TO_32_BIT_CONVERSION = YES;
				GCC_WARN_ABOUT_RETURN_TYPE = YES_ERROR;
				GCC_WARN_UNDECLARED_SELECTOR = YES;
				GCC_WARN_UNINITIALIZED_AUTOS = YES_AGGRESSIVE;
				GCC_WARN_UNUSED_FUNCTION = YES;
				GCC_WARN_UNUSED_VARIABLE = YES;
				IPHONEOS_DEPLOYMENT_TARGET = 18.2;
				LOCALIZATION_PREFERS_STRING_CATALOGS = YES;
				MTL_ENABLE_DEBUG_INFO = INCLUDE_SOURCE;
				MTL_FAST_MATH = YES;
				ONLY_ACTIVE_ARCH = YES;
				SDKROOT = iphoneos;
				SWIFT_ACTIVE_COMPILATION_CONDITIONS = "DEBUG $(inherited)";
				SWIFT_OPTIMIZATION_LEVEL = "-Onone";
			};
			name = Debug;
		};
		A8BA844B2DC9270200D3B126 /* Release */ = {
			isa = XCBuildConfiguration;
			buildSettings = {
				ALWAYS_SEARCH_USER_PATHS = NO;
				ASSETCATALOG_COMPILER_GENERATE_SWIFT_ASSET_SYMBOL_EXTENSIONS = YES;
				CLANG_ANALYZER_NONNULL = YES;
				CLANG_ANALYZER_NUMBER_OBJECT_CONVERSION = YES_AGGRESSIVE;
				CLANG_CXX_LANGUAGE_STANDARD = "gnu++20";
				CLANG_ENABLE_MODULES = YES;
				CLANG_ENABLE_OBJC_ARC = YES;
				CLANG_ENABLE_OBJC_WEAK = YES;
				CLANG_WARN_BLOCK_CAPTURE_AUTORELEASING = YES;
				CLANG_WARN_BOOL_CONVERSION = YES;
				CLANG_WARN_COMMA = YES;
				CLANG_WARN_CONSTANT_CONVERSION = YES;
				CLANG_WARN_DEPRECATED_OBJC_IMPLEMENTATIONS = YES;
				CLANG_WARN_DIRECT_OBJC_ISA_USAGE = YES_ERROR;
				CLANG_WARN_DOCUMENTATION_COMMENTS = YES;
				CLANG_WARN_EMPTY_BODY = YES;
				CLANG_WARN_ENUM_CONVERSION = YES;
				CLANG_WARN_INFINITE_RECURSION = YES;
				CLANG_WARN_INT_CONVERSION = YES;
				CLANG_WARN_NON_LITERAL_NULL_CONVERSION = YES;
				CLANG_WARN_OBJC_IMPLICIT_RETAIN_SELF = YES;
				CLANG_WARN_OBJC_LITERAL_CONVERSION = YES;
				CLANG_WARN_OBJC_ROOT_CLASS = YES_ERROR;
				CLANG_WARN_QUOTED_INCLUDE_IN_FRAMEWORK_HEADER = YES;
				CLANG_WARN_RANGE_LOOP_ANALYSIS = YES;
				CLANG_WARN_STRICT_PROTOTYPES = YES;
				CLANG_WARN_SUSPICIOUS_MOVE = YES;
				CLANG_WARN_UNGUARDED_AVAILABILITY = YES_AGGRESSIVE;
				CLANG_WARN_UNREACHABLE_CODE = YES;
				CLANG_WARN__DUPLICATE_METHOD_MATCH = YES;
				COPY_PHASE_STRIP = NO;
				DEBUG_INFORMATION_FORMAT = "dwarf-with-dsym";
				ENABLE_NS_ASSERTIONS = NO;
				ENABLE_STRICT_OBJC_MSGSEND = YES;
				ENABLE_USER_SCRIPT_SANDBOXING = YES;
				GCC_C_LANGUAGE_STANDARD = gnu17;
				GCC_NO_COMMON_BLOCKS = YES;
				GCC_WARN_64_TO_32_BIT_CONVERSION = YES;
				GCC_WARN_ABOUT_RETURN_TYPE = YES_ERROR;
				GCC_WARN_UNDECLARED_SELECTOR = YES;
				GCC_WARN_UNINITIALIZED_AUTOS = YES_AGGRESSIVE;
				GCC_WARN_UNUSED_FUNCTION = YES;
				GCC_WARN_UNUSED_VARIABLE = YES;
				IPHONEOS_DEPLOYMENT_TARGET = 18.2;
				LOCALIZATION_PREFERS_STRING_CATALOGS = YES;
				MTL_ENABLE_DEBUG_INFO = NO;
				MTL_FAST_MATH = YES;
				SDKROOT = iphoneos;
				SWIFT_COMPILATION_MODE = wholemodule;
				VALIDATE_PRODUCT = YES;
			};
			name = Release;
		};
/* End XCBuildConfiguration section */

/* Begin XCConfigurationList section */
		A8BA842C2DC9270000D3B126 /* Build configuration list for PBXProject "TaskList" */ = {
			isa = XCConfigurationList;
			buildConfigurations = (
				A8BA844A2DC9270200D3B126 /* Debug */,
				A8BA844B2DC9270200D3B126 /* Release */,
			);
			defaultConfigurationIsVisible = 0;
			defaultConfigurationName = Release;
		};
		A8BA84472DC9270200D3B126 /* Build configuration list for PBXNativeTarget "TaskList" */ = {
			isa = XCConfigurationList;
			buildConfigurations = (
				A8BA84482DC9270200D3B126 /* Debug */,
				A8BA84492DC9270200D3B126 /* Release */,
			);
			defaultConfigurationIsVisible = 0;
			defaultConfigurationName = Release;
		};
/* End XCConfigurationList section */

/* Begin XCVersionGroup section */
		A8BA84542DC9271900D3B126 /* TaskList.xcdatamodeld */ = {
			isa = XCVersionGroup;
			children = (
				A8BA84572DC9271900D3B126 /* TaskList.xcdatamodel */,
			);
			currentVersion = A8BA84572DC9271900D3B126 /* TaskList.xcdatamodel */;
			path = TaskList.xcdatamodeld;
			sourceTree = "<group>";
			versionGroupType = wrapper.xcdatamodel;
		};
/* End XCVersionGroup section */
	};
	rootObject = A8BA84292DC9270000D3B126 /* Project object */;
}
